
Microsoft Visual Studio Solution File, Format Version 12.00
# Visual Studio Version 16
VisualStudioVersion = 16.0.28803.202
MinimumVisualStudioVersion = 10.0.40219.1
Project("{FAE04EC0-301F-11D3-BF4B-00C04F79EFBC}") = "Sklep_Interentowy", "Sklep_Interentowy\Sklep_Interentowy.csproj", "{06AE1648-055E-4EA7-9B24-E10513169621}"
EndProject
Project("{FAE04EC0-301F-11D3-BF4B-00C04F79EFBC}") = "Sklep_Interentowy.Tests", "Sklep_Interentowy.Tests\Sklep_Interentowy.Tests.csproj", "{F8C6FD76-A1CF-49BF-AD71-5625D2DDCF29}"
EndProject
Global
	GlobalSection(SolutionConfigurationPlatforms) = preSolution
		Debug|Any CPU = Debug|Any CPU
		Release|Any CPU = Release|Any CPU
	EndGlobalSection
	GlobalSection(ProjectConfigurationPlatforms) = postSolution
		{06AE1648-055E-4EA7-9B24-E10513169621}.Debug|Any CPU.ActiveCfg = Debug|Any CPU
		{06AE1648-055E-4EA7-9B24-E10513169621}.Debug|Any CPU.Build.0 = Debug|Any CPU
		{06AE1648-055E-4EA7-9B24-E10513169621}.Release|Any CPU.ActiveCfg = Release|Any CPU
		{06AE1648-055E-4EA7-9B24-E10513169621}.Release|Any CPU.Build.0 = Release|Any CPU
		{F8C6FD76-A1CF-49BF-AD71-5625D2DDCF29}.Debug|Any CPU.ActiveCfg = Debug|Any CPU
		{F8C6FD76-A1CF-49BF-AD71-5625D2DDCF29}.Debug|Any CPU.Build.0 = Debug|Any CPU
		{F8C6FD76-A1CF-49BF-AD71-5625D2DDCF29}.Release|Any CPU.ActiveCfg = Release|Any CPU
		{F8C6FD76-A1CF-49BF-AD71-5625D2DDCF29}.Release|Any CPU.Build.0 = Release|Any CPU
	EndGlobalSection
	GlobalSection(SolutionProperties) = preSolution
		HideSolutionNode = FALSE
	EndGlobalSection
	GlobalSection(ExtensibilityGlobals) = postSolution
		SolutionGuid = {3394EFC7-C9A3-41B6-B98B-1D5E5553F0B9}
	EndGlobalSection
EndGlobal
